
Microsoft Visual Studio Solution File, Format Version 12.00
# Visual Studio Version 17
VisualStudioVersion = 17.5.002.0
MinimumVisualStudioVersion = 10.0.40219.1
Project("{9A19103F-16F7-4668-BE54-9A1E7A4F7556}") = "LAB 7", "LAB 7.csproj", "{A1CB7921-E56D-4DAC-945B-3740BFAFD7A5}"
EndProject
Global
	GlobalSection(SolutionConfigurationPlatforms) = preSolution
		Debug|Any CPU = Debug|Any CPU
		Release|Any CPU = Release|Any CPU
	EndGlobalSection
	GlobalSection(ProjectConfigurationPlatforms) = postSolution
		{A1CB7921-E56D-4DAC-945B-3740BFAFD7A5}.Debug|Any CPU.ActiveCfg = Debug|Any CPU
		{A1CB7921-E56D-4DAC-945B-3740BFAFD7A5}.Debug|Any CPU.Build.0 = Debug|Any CPU
		{A1CB7921-E56D-4DAC-945B-3740BFAFD7A5}.Release|Any CPU.ActiveCfg = Release|Any CPU
		{A1CB7921-E56D-4DAC-945B-3740BFAFD7A5}.Release|Any CPU.Build.0 = Release|Any CPU
	EndGlobalSection
	GlobalSection(SolutionProperties) = preSolution
		HideSolutionNode = FALSE
	EndGlobalSection
	GlobalSection(ExtensibilityGlobals) = postSolution
		SolutionGuid = {C00B44E1-B96C-4ABC-86DA-E73AF939CFFD}
	EndGlobalSection
EndGlobal
