
Microsoft Visual Studio Solution File, Format Version 12.00
# Visual Studio Version 17
VisualStudioVersion = 17.5.002.0
MinimumVisualStudioVersion = 10.0.40219.1
Project("{9A19103F-16F7-4668-BE54-9A1E7A4F7556}") = "PROG8146-Final", "PROG8146-Final.csproj", "{E900EB3B-2344-4F52-A1A8-4F810661CCA7}"
EndProject
Global
	GlobalSection(SolutionConfigurationPlatforms) = preSolution
		Debug|Any CPU = Debug|Any CPU
		Release|Any CPU = Release|Any CPU
	EndGlobalSection
	GlobalSection(ProjectConfigurationPlatforms) = postSolution
		{E900EB3B-2344-4F52-A1A8-4F810661CCA7}.Debug|Any CPU.ActiveCfg = Debug|Any CPU
		{E900EB3B-2344-4F52-A1A8-4F810661CCA7}.Debug|Any CPU.Build.0 = Debug|Any CPU
		{E900EB3B-2344-4F52-A1A8-4F810661CCA7}.Release|Any CPU.ActiveCfg = Release|Any CPU
		{E900EB3B-2344-4F52-A1A8-4F810661CCA7}.Release|Any CPU.Build.0 = Release|Any CPU
	EndGlobalSection
	GlobalSection(SolutionProperties) = preSolution
		HideSolutionNode = FALSE
	EndGlobalSection
	GlobalSection(ExtensibilityGlobals) = postSolution
		SolutionGuid = {98D0ACB4-57BB-4C54-A828-A4CC13DCE6E0}
	EndGlobalSection
EndGlobal
