// !$*UTF8*$!
{
	archiveVersion = 1;
	classes = {
	};
	objectVersion = 56;
	objects = {

/* Begin PBXBuildFile section */
		437AF3BC2B1688B90051F7AB /* AppDelegate.swift in Sources */ = {isa = PBXBuildFile; fileRef = 437AF3BB2B1688B90051F7AB /* AppDelegate.swift */; };
		437AF3BE2B1688B90051F7AB /* SceneDelegate.swift in Sources */ = {isa = PBXBuildFile; fileRef = 437AF3BD2B1688B90051F7AB /* SceneDelegate.swift */; };
		437AF3C02B1688B90051F7AB /* ViewController.swift in Sources */ = {isa = PBXBuildFile; fileRef = 437AF3BF2B1688B90051F7AB /* ViewController.swift */; };
		437AF3C32B1688B90051F7AB /* Main.storyboard in Resources */ = {isa = PBXBuildFile; fileRef = 437AF3C12B1688B90051F7AB /* Main.storyboard */; };
		437AF3C52B1688BC0051F7AB /* Assets.xcassets in Resources */ = {isa = PBXBuildFile; fileRef = 437AF3C42B1688BC0051F7AB /* Assets.xcassets */; };
		437AF3C82B1688BC0051F7AB /* LaunchScreen.storyboard in Resources */ = {isa = PBXBuildFile; fileRef = 437AF3C62B1688BC0051F7AB /* LaunchScreen.storyboard */; };
		437AF3D12B1692050051F7AB /* Weather.swift in Sources */ = {isa = PBXBuildFile; fileRef = 437AF3D02B1692050051F7AB /* Weather.swift */; };
/* End PBXBuildFile section */

/* Begin PBXFileReference section */
		437AF3B82B1688B90051F7AB /* Harit_Thoriya_8953007_LAB8.app */ = {isa = PBXFileReference; explicitFileType = wrapper.application; includeInIndex = 0; path = Harit_Thoriya_8953007_LAB8.app; sourceTree = BUILT_PRODUCTS_DIR; };
		437AF3BB2B1688B90051F7AB /* AppDelegate.swift */ = {isa = PBXFileReference; lastKnownFileType = sourcecode.swift; path = AppDelegate.swift; sourceTree = "<group>"; };
		437AF3BD2B1688B90051F7AB /* SceneDelegate.swift */ = {isa = PBXFileReference; lastKnownFileType = sourcecode.swift; path = SceneDelegate.swift; sourceTree = "<group>"; };
		437AF3BF2B1688B90051F7AB /* ViewController.swift */ = {isa = PBXFileReference; lastKnownFileType = sourcecode.swift; path = ViewController.swift; sourceTree = "<group>"; };
		437AF3C22B1688B90051F7AB /* Base */ = {isa = PBXFileReference; lastKnownFileType = file.storyboard; name = Base; path = Base.lproj/Main.storyboard; sourceTree = "<group>"; };
		437AF3C42B1688BC0051F7AB /* Assets.xcassets */ = {isa = PBXFileReference; lastKnownFileType = folder.assetcatalog; path = Assets.xcassets; sourceTree = "<group>"; };
		437AF3C72B1688BC0051F7AB /* Base */ = {isa = PBXFileReference; lastKnownFileType = file.storyboard; name = Base; path = Base.lproj/LaunchScreen.storyboard; sourceTree = "<group>"; };
		437AF3C92B1688BC0051F7AB /* Info.plist */ = {isa = PBXFileReference; lastKnownFileType = text.plist.xml; path = Info.plist; sourceTree = "<group>"; };
		437AF3D02B1692050051F7AB /* Weather.swift */ = {isa = PBXFileReference; lastKnownFileType = sourcecode.swift; path = Weather.swift; sourceTree = "<group>"; };
/* End PBXFileReference section */

/* Begin PBXFrameworksBuildPhase section */
		437AF3B52B1688B90051F7AB /* Frameworks */ = {
			isa = PBXFrameworksBuildPhase;
			buildActionMask = 2147483647;
			files = (
			);
			runOnlyForDeploymentPostprocessing = 0;
		};
/* End PBXFrameworksBuildPhase section */

/* Begin PBXGroup section */
		437AF3AF2B1688B90051F7AB = {
			isa = PBXGroup;
			children = (
				437AF3BA2B1688B90051F7AB /* Harit_Thoriya_8953007_LAB8 */,
				437AF3B92B1688B90051F7AB /* Products */,
			);
			sourceTree = "<group>";
		};
		437AF3B92B1688B90051F7AB /* Products */ = {
			isa = PBXGroup;
			children = (
				437AF3B82B1688B90051F7AB /* Harit_Thoriya_8953007_LAB8.app */,
			);
			name = Products;
			sourceTree = "<group>";
		};
		437AF3BA2B1688B90051F7AB /* Harit_Thoriya_8953007_LAB8 */ = {
			isa = PBXGroup;
			children = (
				437AF3D02B1692050051F7AB /* Weather.swift */,
				437AF3BB2B1688B90051F7AB /* AppDelegate.swift */,
				437AF3BD2B1688B90051F7AB /* SceneDelegate.swift */,
				437AF3BF2B1688B90051F7AB /* ViewController.swift */,
				437AF3C12B1688B90051F7AB /* Main.storyboard */,
				437AF3C42B1688BC0051F7AB /* Assets.xcassets */,
				437AF3C62B1688BC0051F7AB /* LaunchScreen.storyboard */,
				437AF3C92B1688BC0051F7AB /* Info.plist */,
			);
			path = Harit_Thoriya_8953007_LAB8;
			sourceTree = "<group>";
		};
/* End PBXGroup section */

/* Begin PBXNativeTarget section */
		437AF3B72B1688B90051F7AB /* Harit_Thoriya_8953007_LAB8 */ = {
			isa = PBXNativeTarget;
			buildConfigurationList = 437AF3CC2B1688BC0051F7AB /* Build configuration list for PBXNativeTarget "Harit_Thoriya_8953007_LAB8" */;
			buildPhases = (
				437AF3B42B1688B90051F7AB /* Sources */,
				437AF3B52B1688B90051F7AB /* Frameworks */,
				437AF3B62B1688B90051F7AB /* Resources */,
			);
			buildRules = (
			);
			dependencies = (
			);
			name = Harit_Thoriya_8953007_LAB8;
			productName = Harit_Thoriya_8953007_LAB8;
			productReference = 437AF3B82B1688B90051F7AB /* Harit_Thoriya_8953007_LAB8.app */;
			productType = "com.apple.product-type.application";
		};
/* End PBXNativeTarget section */

/* Begin PBXProject section */
		437AF3B02B1688B90051F7AB /* Project object */ = {
			isa = PBXProject;
			attributes = {
				BuildIndependentTargetsInParallel = 1;
				LastSwiftUpdateCheck = 1500;
				LastUpgradeCheck = 1500;
				TargetAttributes = {
					437AF3B72B1688B90051F7AB = {
						CreatedOnToolsVersion = 15.0.1;
					};
				};
			};
			buildConfigurationList = 437AF3B32B1688B90051F7AB /* Build configuration list for PBXProject "Harit_Thoriya_8953007_LAB8" */;
			compatibilityVersion = "Xcode 14.0";
			developmentRegion = en;
			hasScannedForEncodings = 0;
			knownRegions = (
				en,
				Base,
			);
			mainGroup = 437AF3AF2B1688B90051F7AB;
			productRefGroup = 437AF3B92B1688B90051F7AB /* Products */;
			projectDirPath = "";
			projectRoot = "";
			targets = (
				437AF3B72B1688B90051F7AB /* Harit_Thoriya_8953007_LAB8 */,
			);
		};
/* End PBXProject section */

/* Begin PBXResourcesBuildPhase section */
		437AF3B62B1688B90051F7AB /* Resources */ = {
			isa = PBXResourcesBuildPhase;
			buildActionMask = 2147483647;
			files = (
				437AF3C82B1688BC0051F7AB /* LaunchScreen.storyboard in Resources */,
				437AF3C52B1688BC0051F7AB /* Assets.xcassets in Resources */,
				437AF3C32B1688B90051F7AB /* Main.storyboard in Resources */,
			);
			runOnlyForDeploymentPostprocessing = 0;
		};
/* End PBXResourcesBuildPhase section */

/* Begin PBXSourcesBuildPhase section */
		437AF3B42B1688B90051F7AB /* Sources */ = {
			isa = PBXSourcesBuildPhase;
			buildActionMask = 2147483647;
			files = (
				437AF3D12B1692050051F7AB /* Weather.swift in Sources */,
				437AF3C02B1688B90051F7AB /* ViewController.swift in Sources */,
				437AF3BC2B1688B90051F7AB /* AppDelegate.swift in Sources */,
				437AF3BE2B1688B90051F7AB /* SceneDelegate.swift in Sources */,
			);
			runOnlyForDeploymentPostprocessing = 0;
		};
/* End PBXSourcesBuildPhase section */

/* Begin PBXVariantGroup section */
		437AF3C12B1688B90051F7AB /* Main.storyboard */ = {
			isa = PBXVariantGroup;
			children = (
				437AF3C22B1688B90051F7AB /* Base */,
			);
			name = Main.storyboard;
			sourceTree = "<group>";
		};
		437AF3C62B1688BC0051F7AB /* LaunchScreen.storyboard */ = {
			isa = PBXVariantGroup;
			children = (
				437AF3C72B1688BC0051F7AB /* Base */,
			);
			name = LaunchScreen.storyboard;
			sourceTree = "<group>";
		};
/* End PBXVariantGroup section */

/* Begin XCBuildConfiguration section */
		437AF3CA2B1688BC0051F7AB /* Debug */ = {
			isa = XCBuildConfiguration;
			buildSettings = {
				ALWAYS_SEARCH_USER_PATHS = NO;
				ASSETCATALOG_COMPILER_GENERATE_SWIFT_ASSET_SYMBOL_EXTENSIONS = YES;
				CLANG_ANALYZER_NONNULL = YES;
				CLANG_ANALYZER_NUMBER_OBJECT_CONVERSION = YES_AGGRESSIVE;
				CLANG_CXX_LANGUAGE_STANDARD = "gnu++20";
				CLANG_ENABLE_MODULES = YES;
				CLANG_ENABLE_OBJC_ARC = YES;
				CLANG_ENABLE_OBJC_WEAK = YES;
				CLANG_WARN_BLOCK_CAPTURE_AUTORELEASING = YES;
				CLANG_WARN_BOOL_CONVERSION = YES;
				CLANG_WARN_COMMA = YES;
				CLANG_WARN_CONSTANT_CONVERSION = YES;
				CLANG_WARN_DEPRECATED_OBJC_IMPLEMENTATIONS = YES;
				CLANG_WARN_DIRECT_OBJC_ISA_USAGE = YES_ERROR;
				CLANG_WARN_DOCUMENTATION_COMMENTS = YES;
				CLANG_WARN_EMPTY_BODY = YES;
				CLANG_WARN_ENUM_CONVERSION = YES;
				CLANG_WARN_INFINITE_RECURSION = YES;
				CLANG_WARN_INT_CONVERSION = YES;
				CLANG_WARN_NON_LITERAL_NULL_CONVERSION = YES;
				CLANG_WARN_OBJC_IMPLICIT_RETAIN_SELF = YES;
				CLANG_WARN_OBJC_LITERAL_CONVERSION = YES;
				CLANG_WARN_OBJC_ROOT_CLASS = YES_ERROR;
				CLANG_WARN_QUOTED_INCLUDE_IN_FRAMEWORK_HEADER = YES;
				CLANG_WARN_RANGE_LOOP_ANALYSIS = YES;
				CLANG_WARN_STRICT_PROTOTYPES = YES;
				CLANG_WARN_SUSPICIOUS_MOVE = YES;
				CLANG_WARN_UNGUARDED_AVAILABILITY = YES_AGGRESSIVE;
				CLANG_WARN_UNREACHABLE_CODE = YES;
				CLANG_WARN__DUPLICATE_METHOD_MATCH = YES;
				COPY_PHASE_STRIP = NO;
				DEBUG_INFORMATION_FORMAT = dwarf;
				ENABLE_STRICT_OBJC_MSGSEND = YES;
				ENABLE_TESTABILITY = YES;
				ENABLE_USER_SCRIPT_SANDBOXING = YES;
				GCC_C_LANGUAGE_STANDARD = gnu17;
				GCC_DYNAMIC_NO_PIC = NO;
				GCC_NO_COMMON_BLOCKS = YES;
				GCC_OPTIMIZATION_LEVEL = 0;
				GCC_PREPROCESSOR_DEFINITIONS = (
					"DEBUG=1",
					"$(inherited)",
				);
				GCC_WARN_64_TO_32_BIT_CONVERSION = YES;
				GCC_WARN_ABOUT_RETURN_TYPE = YES_ERROR;
				GCC_WARN_UNDECLARED_SELECTOR = YES;
				GCC_WARN_UNINITIALIZED_AUTOS = YES_AGGRESSIVE;
				GCC_WARN_UNUSED_FUNCTION = YES;
				GCC_WARN_UNUSED_VARIABLE = YES;
				IPHONEOS_DEPLOYMENT_TARGET = 17.0;
				LOCALIZATION_PREFERS_STRING_CATALOGS = YES;
				MTL_ENABLE_DEBUG_INFO = INCLUDE_SOURCE;
				MTL_FAST_MATH = YES;
				ONLY_ACTIVE_ARCH = YES;
				SDKROOT = iphoneos;
				SWIFT_ACTIVE_COMPILATION_CONDITIONS = "DEBUG $(inherited)";
				SWIFT_OPTIMIZATION_LEVEL = "-Onone";
			};
			name = Debug;
		};
		437AF3CB2B1688BC0051F7AB /* Release */ = {
			isa = XCBuildConfiguration;
			buildSettings = {
				ALWAYS_SEARCH_USER_PATHS = NO;
				ASSETCATALOG_COMPILER_GENERATE_SWIFT_ASSET_SYMBOL_EXTENSIONS = YES;
				CLANG_ANALYZER_NONNULL = YES;
				CLANG_ANALYZER_NUMBER_OBJECT_CONVERSION = YES_AGGRESSIVE;
				CLANG_CXX_LANGUAGE_STANDARD = "gnu++20";
				CLANG_ENABLE_MODULES = YES;
				CLANG_ENABLE_OBJC_ARC = YES;
				CLANG_ENABLE_OBJC_WEAK = YES;
				CLANG_WARN_BLOCK_CAPTURE_AUTORELEASING = YES;
				CLANG_WARN_BOOL_CONVERSION = YES;
				CLANG_WARN_COMMA = YES;
				CLANG_WARN_CONSTANT_CONVERSION = YES;
				CLANG_WARN_DEPRECATED_OBJC_IMPLEMENTATIONS = YES;
				CLANG_WARN_DIRECT_OBJC_ISA_USAGE = YES_ERROR;
				CLANG_WARN_DOCUMENTATION_COMMENTS = YES;
				CLANG_WARN_EMPTY_BODY = YES;
				CLANG_WARN_ENUM_CONVERSION = YES;
				CLANG_WARN_INFINITE_RECURSION = YES;
				CLANG_WARN_INT_CONVERSION = YES;
				CLANG_WARN_NON_LITERAL_NULL_CONVERSION = YES;
				CLANG_WARN_OBJC_IMPLICIT_RETAIN_SELF = YES;
				CLANG_WARN_OBJC_LITERAL_CONVERSION = YES;
				CLANG_WARN_OBJC_ROOT_CLASS = YES_ERROR;
				CLANG_WARN_QUOTED_INCLUDE_IN_FRAMEWORK_HEADER = YES;
				CLANG_WARN_RANGE_LOOP_ANALYSIS = YES;
				CLANG_WARN_STRICT_PROTOTYPES = YES;
				CLANG_WARN_SUSPICIOUS_MOVE = YES;
				CLANG_WARN_UNGUARDED_AVAILABILITY = YES_AGGRESSIVE;
				CLANG_WARN_UNREACHABLE_CODE = YES;
				CLANG_WARN__DUPLICATE_METHOD_MATCH = YES;
				COPY_PHASE_STRIP = NO;
				DEBUG_INFORMATION_FORMAT = "dwarf-with-dsym";
				ENABLE_NS_ASSERTIONS = NO;
				ENABLE_STRICT_OBJC_MSGSEND = YES;
				ENABLE_USER_SCRIPT_SANDBOXING = YES;
				GCC_C_LANGUAGE_STANDARD = gnu17;
				GCC_NO_COMMON_BLOCKS = YES;
				GCC_WARN_64_TO_32_BIT_CONVERSION = YES;
				GCC_WARN_ABOUT_RETURN_TYPE = YES_ERROR;
				GCC_WARN_UNDECLARED_SELECTOR = YES;
				GCC_WARN_UNINITIALIZED_AUTOS = YES_AGGRESSIVE;
				GCC_WARN_UNUSED_FUNCTION = YES;
				GCC_WARN_UNUSED_VARIABLE = YES;
				IPHONEOS_DEPLOYMENT_TARGET = 17.0;
				LOCALIZATION_PREFERS_STRING_CATALOGS = YES;
				MTL_ENABLE_DEBUG_INFO = NO;
				MTL_FAST_MATH = YES;
				SDKROOT = iphoneos;
				SWIFT_COMPILATION_MODE = wholemodule;
				VALIDATE_PRODUCT = YES;
			};
			name = Release;
		};
		437AF3CD2B1688BC0051F7AB /* Debug */ = {
			isa = XCBuildConfiguration;
			buildSettings = {
				ASSETCATALOG_COMPILER_APPICON_NAME = AppIcon;
				ASSETCATALOG_COMPILER_GLOBAL_ACCENT_COLOR_NAME = AccentColor;
				CODE_SIGN_STYLE = Automatic;
				CURRENT_PROJECT_VERSION = 1;
				GENERATE_INFOPLIST_FILE = YES;
				INFOPLIST_FILE = Harit_Thoriya_8953007_LAB8/Info.plist;
				INFOPLIST_KEY_UIApplicationSupportsIndirectInputEvents = YES;
				INFOPLIST_KEY_UILaunchStoryboardName = LaunchScreen;
				INFOPLIST_KEY_UIMainStoryboardFile = Main;
				INFOPLIST_KEY_UISupportedInterfaceOrientations = UIInterfaceOrientationPortrait;
				INFOPLIST_KEY_UISupportedInterfaceOrientations_iPad = "UIInterfaceOrientationLandscapeLeft UIInterfaceOrientationLandscapeRight UIInterfaceOrientationPortrait UIInterfaceOrientationPortraitUpsideDown";
				LD_RUNPATH_SEARCH_PATHS = (
					"$(inherited)",
					"@executable_path/Frameworks",
				);
				MARKETING_VERSION = 1.0;
				PRODUCT_BUNDLE_IDENTIFIER = "com.conestoga.Harit-Thoriya-8953007-LAB8";
				PRODUCT_NAME = "$(TARGET_NAME)";
				SUPPORTED_PLATFORMS = "iphoneos iphonesimulator";
				SUPPORTS_MACCATALYST = NO;
				SUPPORTS_MAC_DESIGNED_FOR_IPHONE_IPAD = NO;
				SWIFT_EMIT_LOC_STRINGS = YES;
				SWIFT_VERSION = 5.0;
				TARGETED_DEVICE_FAMILY = 1;
			};
			name = Debug;
		};
		437AF3CE2B1688BC0051F7AB /* Release */ = {
			isa = XCBuildConfiguration;
			buildSettings = {
				ASSETCATALOG_COMPILER_APPICON_NAME = AppIcon;
				ASSETCATALOG_COMPILER_GLOBAL_ACCENT_COLOR_NAME = AccentColor;
				CODE_SIGN_STYLE = Automatic;
				CURRENT_PROJECT_VERSION = 1;
				GENERATE_INFOPLIST_FILE = YES;
				INFOPLIST_FILE = Harit_Thoriya_8953007_LAB8/Info.plist;
				INFOPLIST_KEY_UIApplicationSupportsIndirectInputEvents = YES;
				INFOPLIST_KEY_UILaunchStoryboardName = LaunchScreen;
				INFOPLIST_KEY_UIMainStoryboardFile = Main;
				INFOPLIST_KEY_UISupportedInterfaceOrientations = UIInterfaceOrientationPortrait;
				INFOPLIST_KEY_UISupportedInterfaceOrientations_iPad = "UIInterfaceOrientationLandscapeLeft UIInterfaceOrientationLandscapeRight UIInterfaceOrientationPortrait UIInterfaceOrientationPortraitUpsideDown";
				LD_RUNPATH_SEARCH_PATHS = (
					"$(inherited)",
					"@executable_path/Frameworks",
				);
				MARKETING_VERSION = 1.0;
				PRODUCT_BUNDLE_IDENTIFIER = "com.conestoga.Harit-Thoriya-8953007-LAB8";
				PRODUCT_NAME = "$(TARGET_NAME)";
				SUPPORTED_PLATFORMS = "iphoneos iphonesimulator";
				SUPPORTS_MACCATALYST = NO;
				SUPPORTS_MAC_DESIGNED_FOR_IPHONE_IPAD = NO;
				SWIFT_EMIT_LOC_STRINGS = YES;
				SWIFT_VERSION = 5.0;
				TARGETED_DEVICE_FAMILY = 1;
			};
			name = Release;
		};
/* End XCBuildConfiguration section */

/* Begin XCConfigurationList section */
		437AF3B32B1688B90051F7AB /* Build configuration list for PBXProject "Harit_Thoriya_8953007_LAB8" */ = {
			isa = XCConfigurationList;
			buildConfigurations = (
				437AF3CA2B1688BC0051F7AB /* Debug */,
				437AF3CB2B1688BC0051F7AB /* Release */,
			);
			defaultConfigurationIsVisible = 0;
			defaultConfigurationName = Release;
		};
		437AF3CC2B1688BC0051F7AB /* Build configuration list for PBXNativeTarget "Harit_Thoriya_8953007_LAB8" */ = {
			isa = XCConfigurationList;
			buildConfigurations = (
				437AF3CD2B1688BC0051F7AB /* Debug */,
				437AF3CE2B1688BC0051F7AB /* Release */,
			);
			defaultConfigurationIsVisible = 0;
			defaultConfigurationName = Release;
		};
/* End XCConfigurationList section */
	};
	rootObject = 437AF3B02B1688B90051F7AB /* Project object */;
}
